# This file was autogenerated by uv via the following command:
#    uv 0.11.21; Python 3.12; Linux x86_64; AIMNet wheel build dependencies
hatch-vcs==0.5.0 \
    --hash=sha256:0395fa126940340215090c344a2bf4e2a77bcbe7daab16f41b37b98c95809ff9 \
    --hash=sha256:b49677dbdc597460cc22d01b27ab3696f5e16a21ecf2700fb01bc28e1f2a04a7
    # via -r workers/monomer_dft_worker/build-requirements.in
hatchling==1.31.0 \
    --hash=sha256:6b48ad4068a482ed7239b3a8215bc55b47aad3345d58dfc94e553c5d2d46211b \
    --hash=sha256:aac80bec8b6fe35e8480f1c335be8910fa210a0e6f735a139be205dadcacb544
    # via
    #   -r workers/monomer_dft_worker/build-requirements.in
    #   hatch-vcs
packaging==26.2 \
    --hash=sha256:5fc45236b9446107ff2415ce77c807cee2862cb6fac22b8a73826d0693b0980e \
    --hash=sha256:ff452ff5a3e828ce110190feff1178bb1f2ea2281fa2075aadb987c2fb221661
    # via
    #   hatchling
    #   setuptools-scm
    #   vcs-versioning
pathspec==1.1.1 \
    --hash=sha256:17db5ecd524104a120e173814c90367a96a98d07c45b2e10c2f3919fff91bf5a \
    --hash=sha256:a00ce642f577bf7f473932318056212bc4f8bfdf53128c78bbd5af0b9b20b189
    # via hatchling
pluggy==1.6.0 \
    --hash=sha256:7dcc130b76258d33b90f61b658791dede3486c3e6bfb003ee5c9bfb396dd22f3 \
    --hash=sha256:e920276dd6813095e9377c0bc5566d94c932c33b27a3e3945d8389c374dd4746
    # via hatchling
setuptools==83.0.0 \
    --hash=sha256:025bccbbf0fa05b6192bc64ae1e7b16e001fd6d6d4d5de03c97b1c1ade523bef \
    --hash=sha256:29b23c360f22f414dc7336bb39178cc7bcbf6021ed2733cde173f09dba19abb3
    # via setuptools-scm
setuptools-scm==10.2.0 \
    --hash=sha256:6cc5ac7da8e54d74e43503be2fa023eb7a1ca820d5c318e6ae20efc48110d6c7 \
    --hash=sha256:ec8ea1738b92e42146a46e29a0e9de9ad462744c63cf9778677b95dfd605adde
    # via hatch-vcs
trove-classifiers==2026.6.1.19 \
    --hash=sha256:ab4c4ec93cc4a4e7815fa759906e05e6bb3f2fbd92ea0f897288c6a43efd15b3 \
    --hash=sha256:c5132b4b61a829d11cfbd2d72e97f20a45ed6edb95e45c5efdeb5e00836b2745
    # via hatchling
vcs-versioning==2.2.2 \
    --hash=sha256:4ac4ded78720cdb4d0291ae58ace87e1e9201912e1023f3029c6cce5c9152cfb \
    --hash=sha256:fe7fb216f8780a5516e7864a9333aacb1b70015b087a9be3918da76ef2760808
    # via setuptools-scm
